
Microsoft Visual Studio Solution File, Format Version 12.00
# Visual Studio 2013
VisualStudioVersion = 12.0.40629.0
MinimumVisualStudioVersion = 10.0.40219.1
Project("{FAE04EC0-301F-11D3-BF4B-00C04F79EFBC}") = "Asp.Net.LifeCycle", "Asp.Net.LifeCycle\Asp.Net.LifeCycle.csproj", "{83CA4053-DA5F-4171-933C-8292D200CAB2}"
EndProject
Project("{FAE04EC0-301F-11D3-BF4B-00C04F79EFBC}") = "ViewStateViewer", "ViewStateViewer\ViewStateViewer.csproj", "{376F958A-FC83-4EA7-BF78-4177419F473B}"
EndProject
Project("{FAE04EC0-301F-11D3-BF4B-00C04F79EFBC}") = "Quartz.Demo", "Quartz.Demo\Quartz.Demo.csproj", "{B9A7686E-FC08-42A1-BABB-10A39E9E3360}"
EndProject
Project("{FAE04EC0-301F-11D3-BF4B-00C04F79EFBC}") = "MyErp", "MyErp\MyErp.csproj", "{34BADF33-898E-4FBE-AA99-A3E7AB6FEB1F}"
EndProject
Project("{FAE04EC0-301F-11D3-BF4B-00C04F79EFBC}") = "Lucene.Test", "Lucene.Test\Lucene.Test.csproj", "{E0801C36-070A-49A0-AC08-4407063A8DA6}"
EndProject
Global
	GlobalSection(SolutionConfigurationPlatforms) = preSolution
		Debug|Any CPU = Debug|Any CPU
		Release|Any CPU = Release|Any CPU
	EndGlobalSection
	GlobalSection(ProjectConfigurationPlatforms) = postSolution
		{83CA4053-DA5F-4171-933C-8292D200CAB2}.Debug|Any CPU.ActiveCfg = Debug|Any CPU
		{83CA4053-DA5F-4171-933C-8292D200CAB2}.Debug|Any CPU.Build.0 = Debug|Any CPU
		{83CA4053-DA5F-4171-933C-8292D200CAB2}.Release|Any CPU.ActiveCfg = Release|Any CPU
		{83CA4053-DA5F-4171-933C-8292D200CAB2}.Release|Any CPU.Build.0 = Release|Any CPU
		{376F958A-FC83-4EA7-BF78-4177419F473B}.Debug|Any CPU.ActiveCfg = Debug|Any CPU
		{376F958A-FC83-4EA7-BF78-4177419F473B}.Debug|Any CPU.Build.0 = Debug|Any CPU
		{376F958A-FC83-4EA7-BF78-4177419F473B}.Release|Any CPU.ActiveCfg = Release|Any CPU
		{376F958A-FC83-4EA7-BF78-4177419F473B}.Release|Any CPU.Build.0 = Release|Any CPU
		{B9A7686E-FC08-42A1-BABB-10A39E9E3360}.Debug|Any CPU.ActiveCfg = Debug|Any CPU
		{B9A7686E-FC08-42A1-BABB-10A39E9E3360}.Debug|Any CPU.Build.0 = Debug|Any CPU
		{B9A7686E-FC08-42A1-BABB-10A39E9E3360}.Release|Any CPU.ActiveCfg = Release|Any CPU
		{B9A7686E-FC08-42A1-BABB-10A39E9E3360}.Release|Any CPU.Build.0 = Release|Any CPU
		{34BADF33-898E-4FBE-AA99-A3E7AB6FEB1F}.Debug|Any CPU.ActiveCfg = Debug|Any CPU
		{34BADF33-898E-4FBE-AA99-A3E7AB6FEB1F}.Debug|Any CPU.Build.0 = Debug|Any CPU
		{34BADF33-898E-4FBE-AA99-A3E7AB6FEB1F}.Release|Any CPU.ActiveCfg = Release|Any CPU
		{34BADF33-898E-4FBE-AA99-A3E7AB6FEB1F}.Release|Any CPU.Build.0 = Release|Any CPU
		{E0801C36-070A-49A0-AC08-4407063A8DA6}.Debug|Any CPU.ActiveCfg = Debug|Any CPU
		{E0801C36-070A-49A0-AC08-4407063A8DA6}.Debug|Any CPU.Build.0 = Debug|Any CPU
		{E0801C36-070A-49A0-AC08-4407063A8DA6}.Release|Any CPU.ActiveCfg = Release|Any CPU
		{E0801C36-070A-49A0-AC08-4407063A8DA6}.Release|Any CPU.Build.0 = Release|Any CPU
	EndGlobalSection
	GlobalSection(SolutionProperties) = preSolution
		HideSolutionNode = FALSE
	EndGlobalSection
EndGlobal
